
Microsoft Visual Studio Solution File, Format Version 12.00
# Visual Studio 2013
VisualStudioVersion = 12.0.40629.0
MinimumVisualStudioVersion = 10.0.40219.1
Project("{FAE04EC0-301F-11D3-BF4B-00C04F79EFBC}") = "LifeCycle", "LifeCycle\LifeCycle\LifeCycle.csproj", "{E05AFABC-6500-4C71-93C3-54C7CCD83D54}"
EndProject
Project("{FAE04EC0-301F-11D3-BF4B-00C04F79EFBC}") = "LifeCycle.Droid", "LifeCycle\LifeCycle.Droid\LifeCycle.Droid.csproj", "{B15D7FE4-263F-45CA-9C63-A91B92809BE8}"
EndProject
Project("{FAE04EC0-301F-11D3-BF4B-00C04F79EFBC}") = "LifeCycle.iOS", "LifeCycle\LifeCycle.iOS\LifeCycle.iOS.csproj", "{66DBEEA1-B968-45C6-B4E2-E48EF3CC0B5C}"
EndProject
Project("{FAE04EC0-301F-11D3-BF4B-00C04F79EFBC}") = "LifeCycle.WinPhone", "LifeCycle\LifeCycle.WinPhone\LifeCycle.WinPhone.csproj", "{4B5E1551-B608-4C88-AA25-4292572E2323}"
EndProject
Project("{FAE04EC0-301F-11D3-BF4B-00C04F79EFBC}") = "LifeCycle.Windows", "LifeCycle\LifeCycle.Windows\LifeCycle.Windows.csproj", "{E056E9ED-5F4F-4E34-94F5-C15587E123D8}"
EndProject
Global
	GlobalSection(SolutionConfigurationPlatforms) = preSolution
		Ad-Hoc|Any CPU = Ad-Hoc|Any CPU
		Ad-Hoc|ARM = Ad-Hoc|ARM
		Ad-Hoc|iPhone = Ad-Hoc|iPhone
		Ad-Hoc|iPhoneSimulator = Ad-Hoc|iPhoneSimulator
		Ad-Hoc|Mixed Platforms = Ad-Hoc|Mixed Platforms
		Ad-Hoc|x64 = Ad-Hoc|x64
		Ad-Hoc|x86 = Ad-Hoc|x86
		AppStore|Any CPU = AppStore|Any CPU
		AppStore|ARM = AppStore|ARM
		AppStore|iPhone = AppStore|iPhone
		AppStore|iPhoneSimulator = AppStore|iPhoneSimulator
		AppStore|Mixed Platforms = AppStore|Mixed Platforms
		AppStore|x64 = AppStore|x64
		AppStore|x86 = AppStore|x86
		Debug|Any CPU = Debug|Any CPU
		Debug|ARM = Debug|ARM
		Debug|iPhone = Debug|iPhone
		Debug|iPhoneSimulator = Debug|iPhoneSimulator
		Debug|Mixed Platforms = Debug|Mixed Platforms
		Debug|x64 = Debug|x64
		Debug|x86 = Debug|x86
		Release|Any CPU = Release|Any CPU
		Release|ARM = Release|ARM
		Release|iPhone = Release|iPhone
		Release|iPhoneSimulator = Release|iPhoneSimulator
		Release|Mixed Platforms = Release|Mixed Platforms
		Release|x64 = Release|x64
		Release|x86 = Release|x86
	EndGlobalSection
	GlobalSection(ProjectConfigurationPlatforms) = postSolution
		{E05AFABC-6500-4C71-93C3-54C7CCD83D54}.Ad-Hoc|Any CPU.ActiveCfg = Release|Any CPU
		{E05AFABC-6500-4C71-93C3-54C7CCD83D54}.Ad-Hoc|Any CPU.Build.0 = Release|Any CPU
		{E05AFABC-6500-4C71-93C3-54C7CCD83D54}.Ad-Hoc|ARM.ActiveCfg = Release|Any CPU
		{E05AFABC-6500-4C71-93C3-54C7CCD83D54}.Ad-Hoc|iPhone.ActiveCfg = Release|Any CPU
		{E05AFABC-6500-4C71-93C3-54C7CCD83D54}.Ad-Hoc|iPhoneSimulator.ActiveCfg = Release|Any CPU
		{E05AFABC-6500-4C71-93C3-54C7CCD83D54}.Ad-Hoc|Mixed Platforms.ActiveCfg = Release|Any CPU
		{E05AFABC-6500-4C71-93C3-54C7CCD83D54}.Ad-Hoc|Mixed Platforms.Build.0 = Release|Any CPU
		{E05AFABC-6500-4C71-93C3-54C7CCD83D54}.Ad-Hoc|x64.ActiveCfg = Release|Any CPU
		{E05AFABC-6500-4C71-93C3-54C7CCD83D54}.Ad-Hoc|x86.ActiveCfg = Release|Any CPU
		{E05AFABC-6500-4C71-93C3-54C7CCD83D54}.AppStore|Any CPU.ActiveCfg = Release|Any CPU
		{E05AFABC-6500-4C71-93C3-54C7CCD83D54}.AppStore|Any CPU.Build.0 = Release|Any CPU
		{E05AFABC-6500-4C71-93C3-54C7CCD83D54}.AppStore|ARM.ActiveCfg = Release|Any CPU
		{E05AFABC-6500-4C71-93C3-54C7CCD83D54}.AppStore|iPhone.ActiveCfg = Release|Any CPU
		{E05AFABC-6500-4C71-93C3-54C7CCD83D54}.AppStore|iPhoneSimulator.ActiveCfg = Release|Any CPU
		{E05AFABC-6500-4C71-93C3-54C7CCD83D54}.AppStore|Mixed Platforms.ActiveCfg = Release|Any CPU
		{E05AFABC-6500-4C71-93C3-54C7CCD83D54}.AppStore|Mixed Platforms.Build.0 = Release|Any CPU
		{E05AFABC-6500-4C71-93C3-54C7CCD83D54}.AppStore|x64.ActiveCfg = Release|Any CPU
		{E05AFABC-6500-4C71-93C3-54C7CCD83D54}.AppStore|x86.ActiveCfg = Release|Any CPU
		{E05AFABC-6500-4C71-93C3-54C7CCD83D54}.Debug|Any CPU.ActiveCfg = Debug|Any CPU
		{E05AFABC-6500-4C71-93C3-54C7CCD83D54}.Debug|Any CPU.Build.0 = Debug|Any CPU
		{E05AFABC-6500-4C71-93C3-54C7CCD83D54}.Debug|ARM.ActiveCfg = Debug|Any CPU
		{E05AFABC-6500-4C71-93C3-54C7CCD83D54}.Debug|iPhone.ActiveCfg = Debug|Any CPU
		{E05AFABC-6500-4C71-93C3-54C7CCD83D54}.Debug|iPhoneSimulator.ActiveCfg = Debug|Any CPU
		{E05AFABC-6500-4C71-93C3-54C7CCD83D54}.Debug|Mixed Platforms.ActiveCfg = Debug|Any CPU
		{E05AFABC-6500-4C71-93C3-54C7CCD83D54}.Debug|Mixed Platforms.Build.0 = Debug|Any CPU
		{E05AFABC-6500-4C71-93C3-54C7CCD83D54}.Debug|x64.ActiveCfg = Debug|Any CPU
		{E05AFABC-6500-4C71-93C3-54C7CCD83D54}.Debug|x86.ActiveCfg = Debug|Any CPU
		{E05AFABC-6500-4C71-93C3-54C7CCD83D54}.Release|Any CPU.ActiveCfg = Release|Any CPU
		{E05AFABC-6500-4C71-93C3-54C7CCD83D54}.Release|Any CPU.Build.0 = Release|Any CPU
		{E05AFABC-6500-4C71-93C3-54C7CCD83D54}.Release|ARM.ActiveCfg = Release|Any CPU
		{E05AFABC-6500-4C71-93C3-54C7CCD83D54}.Release|iPhone.ActiveCfg = Release|Any CPU
		{E05AFABC-6500-4C71-93C3-54C7CCD83D54}.Release|iPhoneSimulator.ActiveCfg = Release|Any CPU
		{E05AFABC-6500-4C71-93C3-54C7CCD83D54}.Release|Mixed Platforms.ActiveCfg = Release|Any CPU
		{E05AFABC-6500-4C71-93C3-54C7CCD83D54}.Release|Mixed Platforms.Build.0 = Release|Any CPU
		{E05AFABC-6500-4C71-93C3-54C7CCD83D54}.Release|x64.ActiveCfg = Release|Any CPU
		{E05AFABC-6500-4C71-93C3-54C7CCD83D54}.Release|x86.ActiveCfg = Release|Any CPU
		{B15D7FE4-263F-45CA-9C63-A91B92809BE8}.Ad-Hoc|Any CPU.ActiveCfg = Release|Any CPU
		{B15D7FE4-263F-45CA-9C63-A91B92809BE8}.Ad-Hoc|Any CPU.Build.0 = Release|Any CPU
		{B15D7FE4-263F-45CA-9C63-A91B92809BE8}.Ad-Hoc|Any CPU.Deploy.0 = Release|Any CPU
		{B15D7FE4-263F-45CA-9C63-A91B92809BE8}.Ad-Hoc|ARM.ActiveCfg = Release|Any CPU
		{B15D7FE4-263F-45CA-9C63-A91B92809BE8}.Ad-Hoc|iPhone.ActiveCfg = Release|Any CPU
		{B15D7FE4-263F-45CA-9C63-A91B92809BE8}.Ad-Hoc|iPhoneSimulator.ActiveCfg = Release|Any CPU
		{B15D7FE4-263F-45CA-9C63-A91B92809BE8}.Ad-Hoc|Mixed Platforms.ActiveCfg = Release|Any CPU
		{B15D7FE4-263F-45CA-9C63-A91B92809BE8}.Ad-Hoc|Mixed Platforms.Build.0 = Release|Any CPU
		{B15D7FE4-263F-45CA-9C63-A91B92809BE8}.Ad-Hoc|Mixed Platforms.Deploy.0 = Release|Any CPU
		{B15D7FE4-263F-45CA-9C63-A91B92809BE8}.Ad-Hoc|x64.ActiveCfg = Release|Any CPU
		{B15D7FE4-263F-45CA-9C63-A91B92809BE8}.Ad-Hoc|x86.ActiveCfg = Release|Any CPU
		{B15D7FE4-263F-45CA-9C63-A91B92809BE8}.AppStore|Any CPU.ActiveCfg = Release|Any CPU
		{B15D7FE4-263F-45CA-9C63-A91B92809BE8}.AppStore|Any CPU.Build.0 = Release|Any CPU
		{B15D7FE4-263F-45CA-9C63-A91B92809BE8}.AppStore|Any CPU.Deploy.0 = Release|Any CPU
		{B15D7FE4-263F-45CA-9C63-A91B92809BE8}.AppStore|ARM.ActiveCfg = Release|Any CPU
		{B15D7FE4-263F-45CA-9C63-A91B92809BE8}.AppStore|iPhone.ActiveCfg = Release|Any CPU
		{B15D7FE4-263F-45CA-9C63-A91B92809BE8}.AppStore|iPhoneSimulator.ActiveCfg = Release|Any CPU
		{B15D7FE4-263F-45CA-9C63-A91B92809BE8}.AppStore|Mixed Platforms.ActiveCfg = Release|Any CPU
		{B15D7FE4-263F-45CA-9C63-A91B92809BE8}.AppStore|Mixed Platforms.Build.0 = Release|Any CPU
		{B15D7FE4-263F-45CA-9C63-A91B92809BE8}.AppStore|Mixed Platforms.Deploy.0 = Release|Any CPU
		{B15D7FE4-263F-45CA-9C63-A91B92809BE8}.AppStore|x64.ActiveCfg = Release|Any CPU
		{B15D7FE4-263F-45CA-9C63-A91B92809BE8}.AppStore|x86.ActiveCfg = Release|Any CPU
		{B15D7FE4-263F-45CA-9C63-A91B92809BE8}.Debug|Any CPU.ActiveCfg = Debug|Any CPU
		{B15D7FE4-263F-45CA-9C63-A91B92809BE8}.Debug|Any CPU.Build.0 = Debug|Any CPU
		{B15D7FE4-263F-45CA-9C63-A91B92809BE8}.Debug|Any CPU.Deploy.0 = Debug|Any CPU
		{B15D7FE4-263F-45CA-9C63-A91B92809BE8}.Debug|ARM.ActiveCfg = Debug|Any CPU
		{B15D7FE4-263F-45CA-9C63-A91B92809BE8}.Debug|iPhone.ActiveCfg = Debug|Any CPU
		{B15D7FE4-263F-45CA-9C63-A91B92809BE8}.Debug|iPhoneSimulator.ActiveCfg = Debug|Any CPU
		{B15D7FE4-263F-45CA-9C63-A91B92809BE8}.Debug|Mixed Platforms.ActiveCfg = Debug|Any CPU
		{B15D7FE4-263F-45CA-9C63-A91B92809BE8}.Debug|Mixed Platforms.Build.0 = Debug|Any CPU
		{B15D7FE4-263F-45CA-9C63-A91B92809BE8}.Debug|Mixed Platforms.Deploy.0 = Debug|Any CPU
		{B15D7FE4-263F-45CA-9C63-A91B92809BE8}.Debug|x64.ActiveCfg = Debug|Any CPU
		{B15D7FE4-263F-45CA-9C63-A91B92809BE8}.Debug|x86.ActiveCfg = Debug|Any CPU
		{B15D7FE4-263F-45CA-9C63-A91B92809BE8}.Release|Any CPU.ActiveCfg = Release|Any CPU
		{B15D7FE4-263F-45CA-9C63-A91B92809BE8}.Release|Any CPU.Build.0 = Release|Any CPU
		{B15D7FE4-263F-45CA-9C63-A91B92809BE8}.Release|Any CPU.Deploy.0 = Release|Any CPU
		{B15D7FE4-263F-45CA-9C63-A91B92809BE8}.Release|ARM.ActiveCfg = Release|Any CPU
		{B15D7FE4-263F-45CA-9C63-A91B92809BE8}.Release|iPhone.ActiveCfg = Release|Any CPU
		{B15D7FE4-263F-45CA-9C63-A91B92809BE8}.Release|iPhoneSimulator.ActiveCfg = Release|Any CPU
		{B15D7FE4-263F-45CA-9C63-A91B92809BE8}.Release|Mixed Platforms.ActiveCfg = Release|Any CPU
		{B15D7FE4-263F-45CA-9C63-A91B92809BE8}.Release|Mixed Platforms.Build.0 = Release|Any CPU
		{B15D7FE4-263F-45CA-9C63-A91B92809BE8}.Release|Mixed Platforms.Deploy.0 = Release|Any CPU
		{B15D7FE4-263F-45CA-9C63-A91B92809BE8}.Release|x64.ActiveCfg = Release|Any CPU
		{B15D7FE4-263F-45CA-9C63-A91B92809BE8}.Release|x86.ActiveCfg = Release|Any CPU
		{66DBEEA1-B968-45C6-B4E2-E48EF3CC0B5C}.Ad-Hoc|Any CPU.ActiveCfg = Ad-Hoc|iPhone
		{66DBEEA1-B968-45C6-B4E2-E48EF3CC0B5C}.Ad-Hoc|ARM.ActiveCfg = Ad-Hoc|iPhone
		{66DBEEA1-B968-45C6-B4E2-E48EF3CC0B5C}.Ad-Hoc|iPhone.ActiveCfg = Ad-Hoc|iPhone
		{66DBEEA1-B968-45C6-B4E2-E48EF3CC0B5C}.Ad-Hoc|iPhone.Build.0 = Ad-Hoc|iPhone
		{66DBEEA1-B968-45C6-B4E2-E48EF3CC0B5C}.Ad-Hoc|iPhoneSimulator.ActiveCfg = Ad-Hoc|iPhoneSimulator
		{66DBEEA1-B968-45C6-B4E2-E48EF3CC0B5C}.Ad-Hoc|iPhoneSimulator.Build.0 = Ad-Hoc|iPhoneSimulator
		{66DBEEA1-B968-45C6-B4E2-E48EF3CC0B5C}.Ad-Hoc|Mixed Platforms.ActiveCfg = Ad-Hoc|iPhone
		{66DBEEA1-B968-45C6-B4E2-E48EF3CC0B5C}.Ad-Hoc|Mixed Platforms.Build.0 = Ad-Hoc|iPhone
		{66DBEEA1-B968-45C6-B4E2-E48EF3CC0B5C}.Ad-Hoc|x64.ActiveCfg = Ad-Hoc|iPhone
		{66DBEEA1-B968-45C6-B4E2-E48EF3CC0B5C}.Ad-Hoc|x86.ActiveCfg = Ad-Hoc|iPhone
		{66DBEEA1-B968-45C6-B4E2-E48EF3CC0B5C}.AppStore|Any CPU.ActiveCfg = AppStore|iPhone
		{66DBEEA1-B968-45C6-B4E2-E48EF3CC0B5C}.AppStore|ARM.ActiveCfg = AppStore|iPhone
		{66DBEEA1-B968-45C6-B4E2-E48EF3CC0B5C}.AppStore|iPhone.ActiveCfg = AppStore|iPhone
		{66DBEEA1-B968-45C6-B4E2-E48EF3CC0B5C}.AppStore|iPhone.Build.0 = AppStore|iPhone
		{66DBEEA1-B968-45C6-B4E2-E48EF3CC0B5C}.AppStore|iPhoneSimulator.ActiveCfg = AppStore|iPhoneSimulator
		{66DBEEA1-B968-45C6-B4E2-E48EF3CC0B5C}.AppStore|iPhoneSimulator.Build.0 = AppStore|iPhoneSimulator
		{66DBEEA1-B968-45C6-B4E2-E48EF3CC0B5C}.AppStore|Mixed Platforms.ActiveCfg = AppStore|iPhone
		{66DBEEA1-B968-45C6-B4E2-E48EF3CC0B5C}.AppStore|Mixed Platforms.Build.0 = AppStore|iPhone
		{66DBEEA1-B968-45C6-B4E2-E48EF3CC0B5C}.AppStore|x64.ActiveCfg = AppStore|iPhone
		{66DBEEA1-B968-45C6-B4E2-E48EF3CC0B5C}.AppStore|x86.ActiveCfg = AppStore|iPhone
		{66DBEEA1-B968-45C6-B4E2-E48EF3CC0B5C}.Debug|Any CPU.ActiveCfg = Debug|iPhone
		{66DBEEA1-B968-45C6-B4E2-E48EF3CC0B5C}.Debug|ARM.ActiveCfg = Debug|iPhone
		{66DBEEA1-B968-45C6-B4E2-E48EF3CC0B5C}.Debug|iPhone.ActiveCfg = Debug|iPhone
		{66DBEEA1-B968-45C6-B4E2-E48EF3CC0B5C}.Debug|iPhone.Build.0 = Debug|iPhone
		{66DBEEA1-B968-45C6-B4E2-E48EF3CC0B5C}.Debug|iPhoneSimulator.ActiveCfg = Debug|iPhoneSimulator
		{66DBEEA1-B968-45C6-B4E2-E48EF3CC0B5C}.Debug|iPhoneSimulator.Build.0 = Debug|iPhoneSimulator
		{66DBEEA1-B968-45C6-B4E2-E48EF3CC0B5C}.Debug|Mixed Platforms.ActiveCfg = Debug|iPhone
		{66DBEEA1-B968-45C6-B4E2-E48EF3CC0B5C}.Debug|Mixed Platforms.Build.0 = Debug|iPhone
		{66DBEEA1-B968-45C6-B4E2-E48EF3CC0B5C}.Debug|x64.ActiveCfg = Debug|iPhone
		{66DBEEA1-B968-45C6-B4E2-E48EF3CC0B5C}.Debug|x86.ActiveCfg = Debug|iPhone
		{66DBEEA1-B968-45C6-B4E2-E48EF3CC0B5C}.Release|Any CPU.ActiveCfg = Release|iPhone
		{66DBEEA1-B968-45C6-B4E2-E48EF3CC0B5C}.Release|ARM.ActiveCfg = Release|iPhone
		{66DBEEA1-B968-45C6-B4E2-E48EF3CC0B5C}.Release|iPhone.ActiveCfg = Release|iPhone
		{66DBEEA1-B968-45C6-B4E2-E48EF3CC0B5C}.Release|iPhone.Build.0 = Release|iPhone
		{66DBEEA1-B968-45C6-B4E2-E48EF3CC0B5C}.Release|iPhoneSimulator.ActiveCfg = Release|iPhoneSimulator
		{66DBEEA1-B968-45C6-B4E2-E48EF3CC0B5C}.Release|iPhoneSimulator.Build.0 = Release|iPhoneSimulator
		{66DBEEA1-B968-45C6-B4E2-E48EF3CC0B5C}.Release|Mixed Platforms.ActiveCfg = Release|iPhone
		{66DBEEA1-B968-45C6-B4E2-E48EF3CC0B5C}.Release|Mixed Platforms.Build.0 = Release|iPhone
		{66DBEEA1-B968-45C6-B4E2-E48EF3CC0B5C}.Release|x64.ActiveCfg = Release|iPhone
		{66DBEEA1-B968-45C6-B4E2-E48EF3CC0B5C}.Release|x86.ActiveCfg = Release|iPhone
		{4B5E1551-B608-4C88-AA25-4292572E2323}.Ad-Hoc|Any CPU.ActiveCfg = Release|Any CPU
		{4B5E1551-B608-4C88-AA25-4292572E2323}.Ad-Hoc|Any CPU.Build.0 = Release|Any CPU
		{4B5E1551-B608-4C88-AA25-4292572E2323}.Ad-Hoc|Any CPU.Deploy.0 = Release|Any CPU
		{4B5E1551-B608-4C88-AA25-4292572E2323}.Ad-Hoc|ARM.ActiveCfg = Release|ARM
		{4B5E1551-B608-4C88-AA25-4292572E2323}.Ad-Hoc|ARM.Build.0 = Release|ARM
		{4B5E1551-B608-4C88-AA25-4292572E2323}.Ad-Hoc|ARM.Deploy.0 = Release|ARM
		{4B5E1551-B608-4C88-AA25-4292572E2323}.Ad-Hoc|iPhone.ActiveCfg = Release|Any CPU
		{4B5E1551-B608-4C88-AA25-4292572E2323}.Ad-Hoc|iPhoneSimulator.ActiveCfg = Release|Any CPU
		{4B5E1551-B608-4C88-AA25-4292572E2323}.Ad-Hoc|Mixed Platforms.ActiveCfg = Release|x86
		{4B5E1551-B608-4C88-AA25-4292572E2323}.Ad-Hoc|Mixed Platforms.Build.0 = Release|x86
		{4B5E1551-B608-4C88-AA25-4292572E2323}.Ad-Hoc|Mixed Platforms.Deploy.0 = Release|x86
		{4B5E1551-B608-4C88-AA25-4292572E2323}.Ad-Hoc|x64.ActiveCfg = Release|Any CPU
		{4B5E1551-B608-4C88-AA25-4292572E2323}.Ad-Hoc|x86.ActiveCfg = Release|x86
		{4B5E1551-B608-4C88-AA25-4292572E2323}.Ad-Hoc|x86.Build.0 = Release|x86
		{4B5E1551-B608-4C88-AA25-4292572E2323}.Ad-Hoc|x86.Deploy.0 = Release|x86
		{4B5E1551-B608-4C88-AA25-4292572E2323}.AppStore|Any CPU.ActiveCfg = Release|Any CPU
		{4B5E1551-B608-4C88-AA25-4292572E2323}.AppStore|Any CPU.Build.0 = Release|Any CPU
		{4B5E1551-B608-4C88-AA25-4292572E2323}.AppStore|Any CPU.Deploy.0 = Release|Any CPU
		{4B5E1551-B608-4C88-AA25-4292572E2323}.AppStore|ARM.ActiveCfg = Release|ARM
		{4B5E1551-B608-4C88-AA25-4292572E2323}.AppStore|ARM.Build.0 = Release|ARM
		{4B5E1551-B608-4C88-AA25-4292572E2323}.AppStore|ARM.Deploy.0 = Release|ARM
		{4B5E1551-B608-4C88-AA25-4292572E2323}.AppStore|iPhone.ActiveCfg = Release|Any CPU
		{4B5E1551-B608-4C88-AA25-4292572E2323}.AppStore|iPhoneSimulator.ActiveCfg = Release|Any CPU
		{4B5E1551-B608-4C88-AA25-4292572E2323}.AppStore|Mixed Platforms.ActiveCfg = Release|x86
		{4B5E1551-B608-4C88-AA25-4292572E2323}.AppStore|Mixed Platforms.Build.0 = Release|x86
		{4B5E1551-B608-4C88-AA25-4292572E2323}.AppStore|Mixed Platforms.Deploy.0 = Release|x86
		{4B5E1551-B608-4C88-AA25-4292572E2323}.AppStore|x64.ActiveCfg = Release|Any CPU
		{4B5E1551-B608-4C88-AA25-4292572E2323}.AppStore|x86.ActiveCfg = Release|x86
		{4B5E1551-B608-4C88-AA25-4292572E2323}.AppStore|x86.Build.0 = Release|x86
		{4B5E1551-B608-4C88-AA25-4292572E2323}.AppStore|x86.Deploy.0 = Release|x86
		{4B5E1551-B608-4C88-AA25-4292572E2323}.Debug|Any CPU.ActiveCfg = Debug|Any CPU
		{4B5E1551-B608-4C88-AA25-4292572E2323}.Debug|Any CPU.Build.0 = Debug|Any CPU
		{4B5E1551-B608-4C88-AA25-4292572E2323}.Debug|Any CPU.Deploy.0 = Debug|Any CPU
		{4B5E1551-B608-4C88-AA25-4292572E2323}.Debug|ARM.ActiveCfg = Debug|ARM
		{4B5E1551-B608-4C88-AA25-4292572E2323}.Debug|ARM.Build.0 = Debug|ARM
		{4B5E1551-B608-4C88-AA25-4292572E2323}.Debug|ARM.Deploy.0 = Debug|ARM
		{4B5E1551-B608-4C88-AA25-4292572E2323}.Debug|iPhone.ActiveCfg = Debug|Any CPU
		{4B5E1551-B608-4C88-AA25-4292572E2323}.Debug|iPhoneSimulator.ActiveCfg = Debug|Any CPU
		{4B5E1551-B608-4C88-AA25-4292572E2323}.Debug|Mixed Platforms.ActiveCfg = Debug|x86
		{4B5E1551-B608-4C88-AA25-4292572E2323}.Debug|Mixed Platforms.Build.0 = Debug|x86
		{4B5E1551-B608-4C88-AA25-4292572E2323}.Debug|Mixed Platforms.Deploy.0 = Debug|x86
		{4B5E1551-B608-4C88-AA25-4292572E2323}.Debug|x64.ActiveCfg = Debug|Any CPU
		{4B5E1551-B608-4C88-AA25-4292572E2323}.Debug|x86.ActiveCfg = Debug|x86
		{4B5E1551-B608-4C88-AA25-4292572E2323}.Debug|x86.Build.0 = Debug|x86
		{4B5E1551-B608-4C88-AA25-4292572E2323}.Debug|x86.Deploy.0 = Debug|x86
		{4B5E1551-B608-4C88-AA25-4292572E2323}.Release|Any CPU.ActiveCfg = Release|Any CPU
		{4B5E1551-B608-4C88-AA25-4292572E2323}.Release|Any CPU.Build.0 = Release|Any CPU
		{4B5E1551-B608-4C88-AA25-4292572E2323}.Release|Any CPU.Deploy.0 = Release|Any CPU
		{4B5E1551-B608-4C88-AA25-4292572E2323}.Release|ARM.ActiveCfg = Release|ARM
		{4B5E1551-B608-4C88-AA25-4292572E2323}.Release|ARM.Build.0 = Release|ARM
		{4B5E1551-B608-4C88-AA25-4292572E2323}.Release|ARM.Deploy.0 = Release|ARM
		{4B5E1551-B608-4C88-AA25-4292572E2323}.Release|iPhone.ActiveCfg = Release|Any CPU
		{4B5E1551-B608-4C88-AA25-4292572E2323}.Release|iPhoneSimulator.ActiveCfg = Release|Any CPU
		{4B5E1551-B608-4C88-AA25-4292572E2323}.Release|Mixed Platforms.ActiveCfg = Release|x86
		{4B5E1551-B608-4C88-AA25-4292572E2323}.Release|Mixed Platforms.Build.0 = Release|x86
		{4B5E1551-B608-4C88-AA25-4292572E2323}.Release|Mixed Platforms.Deploy.0 = Release|x86
		{4B5E1551-B608-4C88-AA25-4292572E2323}.Release|x64.ActiveCfg = Release|Any CPU
		{4B5E1551-B608-4C88-AA25-4292572E2323}.Release|x86.ActiveCfg = Release|x86
		{4B5E1551-B608-4C88-AA25-4292572E2323}.Release|x86.Build.0 = Release|x86
		{4B5E1551-B608-4C88-AA25-4292572E2323}.Release|x86.Deploy.0 = Release|x86
		{E056E9ED-5F4F-4E34-94F5-C15587E123D8}.Ad-Hoc|Any CPU.ActiveCfg = Release|Any CPU
		{E056E9ED-5F4F-4E34-94F5-C15587E123D8}.Ad-Hoc|Any CPU.Build.0 = Release|Any CPU
		{E056E9ED-5F4F-4E34-94F5-C15587E123D8}.Ad-Hoc|Any CPU.Deploy.0 = Release|Any CPU
		{E056E9ED-5F4F-4E34-94F5-C15587E123D8}.Ad-Hoc|ARM.ActiveCfg = Release|ARM
		{E056E9ED-5F4F-4E34-94F5-C15587E123D8}.Ad-Hoc|ARM.Build.0 = Release|ARM
		{E056E9ED-5F4F-4E34-94F5-C15587E123D8}.Ad-Hoc|ARM.Deploy.0 = Release|ARM
		{E056E9ED-5F4F-4E34-94F5-C15587E123D8}.Ad-Hoc|iPhone.ActiveCfg = Release|Any CPU
		{E056E9ED-5F4F-4E34-94F5-C15587E123D8}.Ad-Hoc|iPhoneSimulator.ActiveCfg = Release|Any CPU
		{E056E9ED-5F4F-4E34-94F5-C15587E123D8}.Ad-Hoc|Mixed Platforms.ActiveCfg = Release|x86
		{E056E9ED-5F4F-4E34-94F5-C15587E123D8}.Ad-Hoc|Mixed Platforms.Build.0 = Release|x86
		{E056E9ED-5F4F-4E34-94F5-C15587E123D8}.Ad-Hoc|Mixed Platforms.Deploy.0 = Release|x86
		{E056E9ED-5F4F-4E34-94F5-C15587E123D8}.Ad-Hoc|x64.ActiveCfg = Release|x64
		{E056E9ED-5F4F-4E34-94F5-C15587E123D8}.Ad-Hoc|x64.Build.0 = Release|x64
		{E056E9ED-5F4F-4E34-94F5-C15587E123D8}.Ad-Hoc|x64.Deploy.0 = Release|x64
		{E056E9ED-5F4F-4E34-94F5-C15587E123D8}.Ad-Hoc|x86.ActiveCfg = Release|x86
		{E056E9ED-5F4F-4E34-94F5-C15587E123D8}.Ad-Hoc|x86.Build.0 = Release|x86
		{E056E9ED-5F4F-4E34-94F5-C15587E123D8}.Ad-Hoc|x86.Deploy.0 = Release|x86
		{E056E9ED-5F4F-4E34-94F5-C15587E123D8}.AppStore|Any CPU.ActiveCfg = Release|Any CPU
		{E056E9ED-5F4F-4E34-94F5-C15587E123D8}.AppStore|Any CPU.Build.0 = Release|Any CPU
		{E056E9ED-5F4F-4E34-94F5-C15587E123D8}.AppStore|Any CPU.Deploy.0 = Release|Any CPU
		{E056E9ED-5F4F-4E34-94F5-C15587E123D8}.AppStore|ARM.ActiveCfg = Release|ARM
		{E056E9ED-5F4F-4E34-94F5-C15587E123D8}.AppStore|ARM.Build.0 = Release|ARM
		{E056E9ED-5F4F-4E34-94F5-C15587E123D8}.AppStore|ARM.Deploy.0 = Release|ARM
		{E056E9ED-5F4F-4E34-94F5-C15587E123D8}.AppStore|iPhone.ActiveCfg = Release|Any CPU
		{E056E9ED-5F4F-4E34-94F5-C15587E123D8}.AppStore|iPhoneSimulator.ActiveCfg = Release|Any CPU
		{E056E9ED-5F4F-4E34-94F5-C15587E123D8}.AppStore|Mixed Platforms.ActiveCfg = Release|x86
		{E056E9ED-5F4F-4E34-94F5-C15587E123D8}.AppStore|Mixed Platforms.Build.0 = Release|x86
		{E056E9ED-5F4F-4E34-94F5-C15587E123D8}.AppStore|Mixed Platforms.Deploy.0 = Release|x86
		{E056E9ED-5F4F-4E34-94F5-C15587E123D8}.AppStore|x64.ActiveCfg = Release|x64
		{E056E9ED-5F4F-4E34-94F5-C15587E123D8}.AppStore|x64.Build.0 = Release|x64
		{E056E9ED-5F4F-4E34-94F5-C15587E123D8}.AppStore|x64.Deploy.0 = Release|x64
		{E056E9ED-5F4F-4E34-94F5-C15587E123D8}.AppStore|x86.ActiveCfg = Release|x86
		{E056E9ED-5F4F-4E34-94F5-C15587E123D8}.AppStore|x86.Build.0 = Release|x86
		{E056E9ED-5F4F-4E34-94F5-C15587E123D8}.AppStore|x86.Deploy.0 = Release|x86
		{E056E9ED-5F4F-4E34-94F5-C15587E123D8}.Debug|Any CPU.ActiveCfg = Debug|Any CPU
		{E056E9ED-5F4F-4E34-94F5-C15587E123D8}.Debug|Any CPU.Build.0 = Debug|Any CPU
		{E056E9ED-5F4F-4E34-94F5-C15587E123D8}.Debug|Any CPU.Deploy.0 = Debug|Any CPU
		{E056E9ED-5F4F-4E34-94F5-C15587E123D8}.Debug|ARM.ActiveCfg = Debug|ARM
		{E056E9ED-5F4F-4E34-94F5-C15587E123D8}.Debug|ARM.Build.0 = Debug|ARM
		{E056E9ED-5F4F-4E34-94F5-C15587E123D8}.Debug|ARM.Deploy.0 = Debug|ARM
		{E056E9ED-5F4F-4E34-94F5-C15587E123D8}.Debug|iPhone.ActiveCfg = Debug|Any CPU
		{E056E9ED-5F4F-4E34-94F5-C15587E123D8}.Debug|iPhoneSimulator.ActiveCfg = Debug|Any CPU
		{E056E9ED-5F4F-4E34-94F5-C15587E123D8}.Debug|Mixed Platforms.ActiveCfg = Debug|x86
		{E056E9ED-5F4F-4E34-94F5-C15587E123D8}.Debug|Mixed Platforms.Build.0 = Debug|x86
		{E056E9ED-5F4F-4E34-94F5-C15587E123D8}.Debug|Mixed Platforms.Deploy.0 = Debug|x86
		{E056E9ED-5F4F-4E34-94F5-C15587E123D8}.Debug|x64.ActiveCfg = Debug|x64
		{E056E9ED-5F4F-4E34-94F5-C15587E123D8}.Debug|x64.Build.0 = Debug|x64
		{E056E9ED-5F4F-4E34-94F5-C15587E123D8}.Debug|x64.Deploy.0 = Debug|x64
		{E056E9ED-5F4F-4E34-94F5-C15587E123D8}.Debug|x86.ActiveCfg = Debug|x86
		{E056E9ED-5F4F-4E34-94F5-C15587E123D8}.Debug|x86.Build.0 = Debug|x86
		{E056E9ED-5F4F-4E34-94F5-C15587E123D8}.Debug|x86.Deploy.0 = Debug|x86
		{E056E9ED-5F4F-4E34-94F5-C15587E123D8}.Release|Any CPU.ActiveCfg = Release|Any CPU
		{E056E9ED-5F4F-4E34-94F5-C15587E123D8}.Release|Any CPU.Build.0 = Release|Any CPU
		{E056E9ED-5F4F-4E34-94F5-C15587E123D8}.Release|Any CPU.Deploy.0 = Release|Any CPU
		{E056E9ED-5F4F-4E34-94F5-C15587E123D8}.Release|ARM.ActiveCfg = Release|ARM
		{E056E9ED-5F4F-4E34-94F5-C15587E123D8}.Release|ARM.Build.0 = Release|ARM
		{E056E9ED-5F4F-4E34-94F5-C15587E123D8}.Release|ARM.Deploy.0 = Release|ARM
		{E056E9ED-5F4F-4E34-94F5-C15587E123D8}.Release|iPhone.ActiveCfg = Release|Any CPU
		{E056E9ED-5F4F-4E34-94F5-C15587E123D8}.Release|iPhoneSimulator.ActiveCfg = Release|Any CPU
		{E056E9ED-5F4F-4E34-94F5-C15587E123D8}.Release|Mixed Platforms.ActiveCfg = Release|x86
		{E056E9ED-5F4F-4E34-94F5-C15587E123D8}.Release|Mixed Platforms.Build.0 = Release|x86
		{E056E9ED-5F4F-4E34-94F5-C15587E123D8}.Release|Mixed Platforms.Deploy.0 = Release|x86
		{E056E9ED-5F4F-4E34-94F5-C15587E123D8}.Release|x64.ActiveCfg = Release|x64
		{E056E9ED-5F4F-4E34-94F5-C15587E123D8}.Release|x64.Build.0 = Release|x64
		{E056E9ED-5F4F-4E34-94F5-C15587E123D8}.Release|x64.Deploy.0 = Release|x64
		{E056E9ED-5F4F-4E34-94F5-C15587E123D8}.Release|x86.ActiveCfg = Release|x86
		{E056E9ED-5F4F-4E34-94F5-C15587E123D8}.Release|x86.Build.0 = Release|x86
		{E056E9ED-5F4F-4E34-94F5-C15587E123D8}.Release|x86.Deploy.0 = Release|x86
	EndGlobalSection
	GlobalSection(SolutionProperties) = preSolution
		HideSolutionNode = FALSE
	EndGlobalSection
EndGlobal
