
Microsoft Visual Studio Solution File, Format Version 12.00
# Visual Studio 2013
VisualStudioVersion = 12.0.40629.0
MinimumVisualStudioVersion = 10.0.40219.1
Project("{FAE04EC0-301F-11D3-BF4B-00C04F79EFBC}") = "xBountyHunter", "xBountyHunter\xBountyHunter.csproj", "{67F9D3A8-F71E-4428-913F-C37AE82CDB24}"
EndProject
Project("{FAE04EC0-301F-11D3-BF4B-00C04F79EFBC}") = "xBountyHunter.Droid", "xBountyHunter.Droid\xBountyHunter.Droid.csproj", "{F37178B8-1D60-4764-9E0C-7C9065576BB9}"
EndProject
Project("{FAE04EC0-301F-11D3-BF4B-00C04F79EFBC}") = "xBountyHunter.iOS", "xBountyHunter.iOS\xBountyHunter.iOS.csproj", "{69BA48F0-DACE-40C9-848D-E955A7095D65}"
EndProject
Project("{FAE04EC0-301F-11D3-BF4B-00C04F79EFBC}") = "xBountyhunter.WP8", "xBountyhunter.WP8\xBountyhunter.WP8.csproj", "{F3A057D1-D06F-443D-8C30-319193805825}"
EndProject
Global
	GlobalSection(SolutionConfigurationPlatforms) = preSolution
		Ad-Hoc|Any CPU = Ad-Hoc|Any CPU
		Ad-Hoc|ARM = Ad-Hoc|ARM
		Ad-Hoc|iPhone = Ad-Hoc|iPhone
		Ad-Hoc|iPhoneSimulator = Ad-Hoc|iPhoneSimulator
		Ad-Hoc|Mixed Platforms = Ad-Hoc|Mixed Platforms
		Ad-Hoc|x86 = Ad-Hoc|x86
		AppStore|Any CPU = AppStore|Any CPU
		AppStore|ARM = AppStore|ARM
		AppStore|iPhone = AppStore|iPhone
		AppStore|iPhoneSimulator = AppStore|iPhoneSimulator
		AppStore|Mixed Platforms = AppStore|Mixed Platforms
		AppStore|x86 = AppStore|x86
		Debug|Any CPU = Debug|Any CPU
		Debug|ARM = Debug|ARM
		Debug|iPhone = Debug|iPhone
		Debug|iPhoneSimulator = Debug|iPhoneSimulator
		Debug|Mixed Platforms = Debug|Mixed Platforms
		Debug|x86 = Debug|x86
		Release|Any CPU = Release|Any CPU
		Release|ARM = Release|ARM
		Release|iPhone = Release|iPhone
		Release|iPhoneSimulator = Release|iPhoneSimulator
		Release|Mixed Platforms = Release|Mixed Platforms
		Release|x86 = Release|x86
	EndGlobalSection
	GlobalSection(ProjectConfigurationPlatforms) = postSolution
		{67F9D3A8-F71E-4428-913F-C37AE82CDB24}.Ad-Hoc|Any CPU.ActiveCfg = Release|Any CPU
		{67F9D3A8-F71E-4428-913F-C37AE82CDB24}.Ad-Hoc|Any CPU.Build.0 = Release|Any CPU
		{67F9D3A8-F71E-4428-913F-C37AE82CDB24}.Ad-Hoc|ARM.ActiveCfg = Release|Any CPU
		{67F9D3A8-F71E-4428-913F-C37AE82CDB24}.Ad-Hoc|iPhone.ActiveCfg = Release|Any CPU
		{67F9D3A8-F71E-4428-913F-C37AE82CDB24}.Ad-Hoc|iPhoneSimulator.ActiveCfg = Release|Any CPU
		{67F9D3A8-F71E-4428-913F-C37AE82CDB24}.Ad-Hoc|Mixed Platforms.ActiveCfg = Release|Any CPU
		{67F9D3A8-F71E-4428-913F-C37AE82CDB24}.Ad-Hoc|Mixed Platforms.Build.0 = Release|Any CPU
		{67F9D3A8-F71E-4428-913F-C37AE82CDB24}.Ad-Hoc|x86.ActiveCfg = Release|Any CPU
		{67F9D3A8-F71E-4428-913F-C37AE82CDB24}.AppStore|Any CPU.ActiveCfg = Release|Any CPU
		{67F9D3A8-F71E-4428-913F-C37AE82CDB24}.AppStore|Any CPU.Build.0 = Release|Any CPU
		{67F9D3A8-F71E-4428-913F-C37AE82CDB24}.AppStore|ARM.ActiveCfg = Release|Any CPU
		{67F9D3A8-F71E-4428-913F-C37AE82CDB24}.AppStore|iPhone.ActiveCfg = Release|Any CPU
		{67F9D3A8-F71E-4428-913F-C37AE82CDB24}.AppStore|iPhoneSimulator.ActiveCfg = Release|Any CPU
		{67F9D3A8-F71E-4428-913F-C37AE82CDB24}.AppStore|Mixed Platforms.ActiveCfg = Release|Any CPU
		{67F9D3A8-F71E-4428-913F-C37AE82CDB24}.AppStore|Mixed Platforms.Build.0 = Release|Any CPU
		{67F9D3A8-F71E-4428-913F-C37AE82CDB24}.AppStore|x86.ActiveCfg = Release|Any CPU
		{67F9D3A8-F71E-4428-913F-C37AE82CDB24}.Debug|Any CPU.ActiveCfg = Debug|Any CPU
		{67F9D3A8-F71E-4428-913F-C37AE82CDB24}.Debug|Any CPU.Build.0 = Debug|Any CPU
		{67F9D3A8-F71E-4428-913F-C37AE82CDB24}.Debug|ARM.ActiveCfg = Debug|Any CPU
		{67F9D3A8-F71E-4428-913F-C37AE82CDB24}.Debug|iPhone.ActiveCfg = Debug|Any CPU
		{67F9D3A8-F71E-4428-913F-C37AE82CDB24}.Debug|iPhoneSimulator.ActiveCfg = Debug|Any CPU
		{67F9D3A8-F71E-4428-913F-C37AE82CDB24}.Debug|Mixed Platforms.ActiveCfg = Debug|Any CPU
		{67F9D3A8-F71E-4428-913F-C37AE82CDB24}.Debug|Mixed Platforms.Build.0 = Debug|Any CPU
		{67F9D3A8-F71E-4428-913F-C37AE82CDB24}.Debug|x86.ActiveCfg = Debug|Any CPU
		{67F9D3A8-F71E-4428-913F-C37AE82CDB24}.Release|Any CPU.ActiveCfg = Release|Any CPU
		{67F9D3A8-F71E-4428-913F-C37AE82CDB24}.Release|Any CPU.Build.0 = Release|Any CPU
		{67F9D3A8-F71E-4428-913F-C37AE82CDB24}.Release|ARM.ActiveCfg = Release|Any CPU
		{67F9D3A8-F71E-4428-913F-C37AE82CDB24}.Release|iPhone.ActiveCfg = Release|Any CPU
		{67F9D3A8-F71E-4428-913F-C37AE82CDB24}.Release|iPhoneSimulator.ActiveCfg = Release|Any CPU
		{67F9D3A8-F71E-4428-913F-C37AE82CDB24}.Release|Mixed Platforms.ActiveCfg = Release|Any CPU
		{67F9D3A8-F71E-4428-913F-C37AE82CDB24}.Release|Mixed Platforms.Build.0 = Release|Any CPU
		{67F9D3A8-F71E-4428-913F-C37AE82CDB24}.Release|x86.ActiveCfg = Release|Any CPU
		{F37178B8-1D60-4764-9E0C-7C9065576BB9}.Ad-Hoc|Any CPU.ActiveCfg = Release|Any CPU
		{F37178B8-1D60-4764-9E0C-7C9065576BB9}.Ad-Hoc|Any CPU.Build.0 = Release|Any CPU
		{F37178B8-1D60-4764-9E0C-7C9065576BB9}.Ad-Hoc|Any CPU.Deploy.0 = Release|Any CPU
		{F37178B8-1D60-4764-9E0C-7C9065576BB9}.Ad-Hoc|ARM.ActiveCfg = Release|Any CPU
		{F37178B8-1D60-4764-9E0C-7C9065576BB9}.Ad-Hoc|iPhone.ActiveCfg = Release|Any CPU
		{F37178B8-1D60-4764-9E0C-7C9065576BB9}.Ad-Hoc|iPhoneSimulator.ActiveCfg = Release|Any CPU
		{F37178B8-1D60-4764-9E0C-7C9065576BB9}.Ad-Hoc|Mixed Platforms.ActiveCfg = Release|Any CPU
		{F37178B8-1D60-4764-9E0C-7C9065576BB9}.Ad-Hoc|Mixed Platforms.Build.0 = Release|Any CPU
		{F37178B8-1D60-4764-9E0C-7C9065576BB9}.Ad-Hoc|Mixed Platforms.Deploy.0 = Release|Any CPU
		{F37178B8-1D60-4764-9E0C-7C9065576BB9}.Ad-Hoc|x86.ActiveCfg = Release|Any CPU
		{F37178B8-1D60-4764-9E0C-7C9065576BB9}.AppStore|Any CPU.ActiveCfg = Release|Any CPU
		{F37178B8-1D60-4764-9E0C-7C9065576BB9}.AppStore|Any CPU.Build.0 = Release|Any CPU
		{F37178B8-1D60-4764-9E0C-7C9065576BB9}.AppStore|Any CPU.Deploy.0 = Release|Any CPU
		{F37178B8-1D60-4764-9E0C-7C9065576BB9}.AppStore|ARM.ActiveCfg = Release|Any CPU
		{F37178B8-1D60-4764-9E0C-7C9065576BB9}.AppStore|iPhone.ActiveCfg = Release|Any CPU
		{F37178B8-1D60-4764-9E0C-7C9065576BB9}.AppStore|iPhoneSimulator.ActiveCfg = Release|Any CPU
		{F37178B8-1D60-4764-9E0C-7C9065576BB9}.AppStore|Mixed Platforms.ActiveCfg = Release|Any CPU
		{F37178B8-1D60-4764-9E0C-7C9065576BB9}.AppStore|Mixed Platforms.Build.0 = Release|Any CPU
		{F37178B8-1D60-4764-9E0C-7C9065576BB9}.AppStore|Mixed Platforms.Deploy.0 = Release|Any CPU
		{F37178B8-1D60-4764-9E0C-7C9065576BB9}.AppStore|x86.ActiveCfg = Release|Any CPU
		{F37178B8-1D60-4764-9E0C-7C9065576BB9}.Debug|Any CPU.ActiveCfg = Debug|Any CPU
		{F37178B8-1D60-4764-9E0C-7C9065576BB9}.Debug|Any CPU.Build.0 = Debug|Any CPU
		{F37178B8-1D60-4764-9E0C-7C9065576BB9}.Debug|Any CPU.Deploy.0 = Debug|Any CPU
		{F37178B8-1D60-4764-9E0C-7C9065576BB9}.Debug|ARM.ActiveCfg = Debug|Any CPU
		{F37178B8-1D60-4764-9E0C-7C9065576BB9}.Debug|iPhone.ActiveCfg = Debug|Any CPU
		{F37178B8-1D60-4764-9E0C-7C9065576BB9}.Debug|iPhoneSimulator.ActiveCfg = Debug|Any CPU
		{F37178B8-1D60-4764-9E0C-7C9065576BB9}.Debug|Mixed Platforms.ActiveCfg = Debug|Any CPU
		{F37178B8-1D60-4764-9E0C-7C9065576BB9}.Debug|Mixed Platforms.Build.0 = Debug|Any CPU
		{F37178B8-1D60-4764-9E0C-7C9065576BB9}.Debug|Mixed Platforms.Deploy.0 = Debug|Any CPU
		{F37178B8-1D60-4764-9E0C-7C9065576BB9}.Debug|x86.ActiveCfg = Debug|Any CPU
		{F37178B8-1D60-4764-9E0C-7C9065576BB9}.Release|Any CPU.ActiveCfg = Release|Any CPU
		{F37178B8-1D60-4764-9E0C-7C9065576BB9}.Release|Any CPU.Build.0 = Release|Any CPU
		{F37178B8-1D60-4764-9E0C-7C9065576BB9}.Release|Any CPU.Deploy.0 = Release|Any CPU
		{F37178B8-1D60-4764-9E0C-7C9065576BB9}.Release|ARM.ActiveCfg = Release|Any CPU
		{F37178B8-1D60-4764-9E0C-7C9065576BB9}.Release|iPhone.ActiveCfg = Release|Any CPU
		{F37178B8-1D60-4764-9E0C-7C9065576BB9}.Release|iPhoneSimulator.ActiveCfg = Release|Any CPU
		{F37178B8-1D60-4764-9E0C-7C9065576BB9}.Release|Mixed Platforms.ActiveCfg = Release|Any CPU
		{F37178B8-1D60-4764-9E0C-7C9065576BB9}.Release|Mixed Platforms.Build.0 = Release|Any CPU
		{F37178B8-1D60-4764-9E0C-7C9065576BB9}.Release|Mixed Platforms.Deploy.0 = Release|Any CPU
		{F37178B8-1D60-4764-9E0C-7C9065576BB9}.Release|x86.ActiveCfg = Release|Any CPU
		{69BA48F0-DACE-40C9-848D-E955A7095D65}.Ad-Hoc|Any CPU.ActiveCfg = Ad-Hoc|iPhone
		{69BA48F0-DACE-40C9-848D-E955A7095D65}.Ad-Hoc|ARM.ActiveCfg = Ad-Hoc|iPhone
		{69BA48F0-DACE-40C9-848D-E955A7095D65}.Ad-Hoc|iPhone.ActiveCfg = Ad-Hoc|iPhone
		{69BA48F0-DACE-40C9-848D-E955A7095D65}.Ad-Hoc|iPhone.Build.0 = Ad-Hoc|iPhone
		{69BA48F0-DACE-40C9-848D-E955A7095D65}.Ad-Hoc|iPhoneSimulator.ActiveCfg = Ad-Hoc|iPhoneSimulator
		{69BA48F0-DACE-40C9-848D-E955A7095D65}.Ad-Hoc|iPhoneSimulator.Build.0 = Ad-Hoc|iPhoneSimulator
		{69BA48F0-DACE-40C9-848D-E955A7095D65}.Ad-Hoc|Mixed Platforms.ActiveCfg = Ad-Hoc|iPhone
		{69BA48F0-DACE-40C9-848D-E955A7095D65}.Ad-Hoc|Mixed Platforms.Build.0 = Ad-Hoc|iPhone
		{69BA48F0-DACE-40C9-848D-E955A7095D65}.Ad-Hoc|x86.ActiveCfg = Ad-Hoc|iPhone
		{69BA48F0-DACE-40C9-848D-E955A7095D65}.AppStore|Any CPU.ActiveCfg = AppStore|iPhone
		{69BA48F0-DACE-40C9-848D-E955A7095D65}.AppStore|ARM.ActiveCfg = AppStore|iPhone
		{69BA48F0-DACE-40C9-848D-E955A7095D65}.AppStore|iPhone.ActiveCfg = AppStore|iPhone
		{69BA48F0-DACE-40C9-848D-E955A7095D65}.AppStore|iPhone.Build.0 = AppStore|iPhone
		{69BA48F0-DACE-40C9-848D-E955A7095D65}.AppStore|iPhoneSimulator.ActiveCfg = AppStore|iPhoneSimulator
		{69BA48F0-DACE-40C9-848D-E955A7095D65}.AppStore|iPhoneSimulator.Build.0 = AppStore|iPhoneSimulator
		{69BA48F0-DACE-40C9-848D-E955A7095D65}.AppStore|Mixed Platforms.ActiveCfg = AppStore|iPhone
		{69BA48F0-DACE-40C9-848D-E955A7095D65}.AppStore|Mixed Platforms.Build.0 = AppStore|iPhone
		{69BA48F0-DACE-40C9-848D-E955A7095D65}.AppStore|x86.ActiveCfg = AppStore|iPhone
		{69BA48F0-DACE-40C9-848D-E955A7095D65}.Debug|Any CPU.ActiveCfg = Debug|iPhone
		{69BA48F0-DACE-40C9-848D-E955A7095D65}.Debug|ARM.ActiveCfg = Debug|iPhone
		{69BA48F0-DACE-40C9-848D-E955A7095D65}.Debug|iPhone.ActiveCfg = Debug|iPhone
		{69BA48F0-DACE-40C9-848D-E955A7095D65}.Debug|iPhone.Build.0 = Debug|iPhone
		{69BA48F0-DACE-40C9-848D-E955A7095D65}.Debug|iPhoneSimulator.ActiveCfg = Debug|iPhoneSimulator
		{69BA48F0-DACE-40C9-848D-E955A7095D65}.Debug|iPhoneSimulator.Build.0 = Debug|iPhoneSimulator
		{69BA48F0-DACE-40C9-848D-E955A7095D65}.Debug|Mixed Platforms.ActiveCfg = Debug|iPhone
		{69BA48F0-DACE-40C9-848D-E955A7095D65}.Debug|Mixed Platforms.Build.0 = Debug|iPhone
		{69BA48F0-DACE-40C9-848D-E955A7095D65}.Debug|x86.ActiveCfg = Debug|iPhone
		{69BA48F0-DACE-40C9-848D-E955A7095D65}.Release|Any CPU.ActiveCfg = Release|iPhone
		{69BA48F0-DACE-40C9-848D-E955A7095D65}.Release|ARM.ActiveCfg = Release|iPhone
		{69BA48F0-DACE-40C9-848D-E955A7095D65}.Release|iPhone.ActiveCfg = Release|iPhone
		{69BA48F0-DACE-40C9-848D-E955A7095D65}.Release|iPhone.Build.0 = Release|iPhone
		{69BA48F0-DACE-40C9-848D-E955A7095D65}.Release|iPhoneSimulator.ActiveCfg = Release|iPhoneSimulator
		{69BA48F0-DACE-40C9-848D-E955A7095D65}.Release|iPhoneSimulator.Build.0 = Release|iPhoneSimulator
		{69BA48F0-DACE-40C9-848D-E955A7095D65}.Release|Mixed Platforms.ActiveCfg = Release|iPhone
		{69BA48F0-DACE-40C9-848D-E955A7095D65}.Release|Mixed Platforms.Build.0 = Release|iPhone
		{69BA48F0-DACE-40C9-848D-E955A7095D65}.Release|x86.ActiveCfg = Release|iPhone
		{F3A057D1-D06F-443D-8C30-319193805825}.Ad-Hoc|Any CPU.ActiveCfg = Release|Any CPU
		{F3A057D1-D06F-443D-8C30-319193805825}.Ad-Hoc|Any CPU.Build.0 = Release|Any CPU
		{F3A057D1-D06F-443D-8C30-319193805825}.Ad-Hoc|Any CPU.Deploy.0 = Release|Any CPU
		{F3A057D1-D06F-443D-8C30-319193805825}.Ad-Hoc|ARM.ActiveCfg = Release|ARM
		{F3A057D1-D06F-443D-8C30-319193805825}.Ad-Hoc|ARM.Build.0 = Release|ARM
		{F3A057D1-D06F-443D-8C30-319193805825}.Ad-Hoc|ARM.Deploy.0 = Release|ARM
		{F3A057D1-D06F-443D-8C30-319193805825}.Ad-Hoc|iPhone.ActiveCfg = Release|Any CPU
		{F3A057D1-D06F-443D-8C30-319193805825}.Ad-Hoc|iPhoneSimulator.ActiveCfg = Release|Any CPU
		{F3A057D1-D06F-443D-8C30-319193805825}.Ad-Hoc|Mixed Platforms.ActiveCfg = Release|x86
		{F3A057D1-D06F-443D-8C30-319193805825}.Ad-Hoc|Mixed Platforms.Build.0 = Release|x86
		{F3A057D1-D06F-443D-8C30-319193805825}.Ad-Hoc|Mixed Platforms.Deploy.0 = Release|x86
		{F3A057D1-D06F-443D-8C30-319193805825}.Ad-Hoc|x86.ActiveCfg = Release|x86
		{F3A057D1-D06F-443D-8C30-319193805825}.Ad-Hoc|x86.Build.0 = Release|x86
		{F3A057D1-D06F-443D-8C30-319193805825}.Ad-Hoc|x86.Deploy.0 = Release|x86
		{F3A057D1-D06F-443D-8C30-319193805825}.AppStore|Any CPU.ActiveCfg = Release|Any CPU
		{F3A057D1-D06F-443D-8C30-319193805825}.AppStore|Any CPU.Build.0 = Release|Any CPU
		{F3A057D1-D06F-443D-8C30-319193805825}.AppStore|Any CPU.Deploy.0 = Release|Any CPU
		{F3A057D1-D06F-443D-8C30-319193805825}.AppStore|ARM.ActiveCfg = Release|ARM
		{F3A057D1-D06F-443D-8C30-319193805825}.AppStore|ARM.Build.0 = Release|ARM
		{F3A057D1-D06F-443D-8C30-319193805825}.AppStore|ARM.Deploy.0 = Release|ARM
		{F3A057D1-D06F-443D-8C30-319193805825}.AppStore|iPhone.ActiveCfg = Release|Any CPU
		{F3A057D1-D06F-443D-8C30-319193805825}.AppStore|iPhoneSimulator.ActiveCfg = Release|Any CPU
		{F3A057D1-D06F-443D-8C30-319193805825}.AppStore|Mixed Platforms.ActiveCfg = Release|x86
		{F3A057D1-D06F-443D-8C30-319193805825}.AppStore|Mixed Platforms.Build.0 = Release|x86
		{F3A057D1-D06F-443D-8C30-319193805825}.AppStore|Mixed Platforms.Deploy.0 = Release|x86
		{F3A057D1-D06F-443D-8C30-319193805825}.AppStore|x86.ActiveCfg = Release|x86
		{F3A057D1-D06F-443D-8C30-319193805825}.AppStore|x86.Build.0 = Release|x86
		{F3A057D1-D06F-443D-8C30-319193805825}.AppStore|x86.Deploy.0 = Release|x86
		{F3A057D1-D06F-443D-8C30-319193805825}.Debug|Any CPU.ActiveCfg = Debug|Any CPU
		{F3A057D1-D06F-443D-8C30-319193805825}.Debug|Any CPU.Build.0 = Debug|Any CPU
		{F3A057D1-D06F-443D-8C30-319193805825}.Debug|Any CPU.Deploy.0 = Debug|Any CPU
		{F3A057D1-D06F-443D-8C30-319193805825}.Debug|ARM.ActiveCfg = Debug|ARM
		{F3A057D1-D06F-443D-8C30-319193805825}.Debug|ARM.Build.0 = Debug|ARM
		{F3A057D1-D06F-443D-8C30-319193805825}.Debug|ARM.Deploy.0 = Debug|ARM
		{F3A057D1-D06F-443D-8C30-319193805825}.Debug|iPhone.ActiveCfg = Debug|Any CPU
		{F3A057D1-D06F-443D-8C30-319193805825}.Debug|iPhoneSimulator.ActiveCfg = Debug|Any CPU
		{F3A057D1-D06F-443D-8C30-319193805825}.Debug|Mixed Platforms.ActiveCfg = Debug|x86
		{F3A057D1-D06F-443D-8C30-319193805825}.Debug|Mixed Platforms.Build.0 = Debug|x86
		{F3A057D1-D06F-443D-8C30-319193805825}.Debug|Mixed Platforms.Deploy.0 = Debug|x86
		{F3A057D1-D06F-443D-8C30-319193805825}.Debug|x86.ActiveCfg = Debug|x86
		{F3A057D1-D06F-443D-8C30-319193805825}.Debug|x86.Build.0 = Debug|x86
		{F3A057D1-D06F-443D-8C30-319193805825}.Debug|x86.Deploy.0 = Debug|x86
		{F3A057D1-D06F-443D-8C30-319193805825}.Release|Any CPU.ActiveCfg = Release|Any CPU
		{F3A057D1-D06F-443D-8C30-319193805825}.Release|Any CPU.Build.0 = Release|Any CPU
		{F3A057D1-D06F-443D-8C30-319193805825}.Release|Any CPU.Deploy.0 = Release|Any CPU
		{F3A057D1-D06F-443D-8C30-319193805825}.Release|ARM.ActiveCfg = Release|ARM
		{F3A057D1-D06F-443D-8C30-319193805825}.Release|ARM.Build.0 = Release|ARM
		{F3A057D1-D06F-443D-8C30-319193805825}.Release|ARM.Deploy.0 = Release|ARM
		{F3A057D1-D06F-443D-8C30-319193805825}.Release|iPhone.ActiveCfg = Release|Any CPU
		{F3A057D1-D06F-443D-8C30-319193805825}.Release|iPhoneSimulator.ActiveCfg = Release|Any CPU
		{F3A057D1-D06F-443D-8C30-319193805825}.Release|Mixed Platforms.ActiveCfg = Release|x86
		{F3A057D1-D06F-443D-8C30-319193805825}.Release|Mixed Platforms.Build.0 = Release|x86
		{F3A057D1-D06F-443D-8C30-319193805825}.Release|Mixed Platforms.Deploy.0 = Release|x86
		{F3A057D1-D06F-443D-8C30-319193805825}.Release|x86.ActiveCfg = Release|x86
		{F3A057D1-D06F-443D-8C30-319193805825}.Release|x86.Build.0 = Release|x86
		{F3A057D1-D06F-443D-8C30-319193805825}.Release|x86.Deploy.0 = Release|x86
	EndGlobalSection
	GlobalSection(SolutionProperties) = preSolution
		HideSolutionNode = FALSE
	EndGlobalSection
EndGlobal
